PODS:
  - Flutter (1.0.0)
  - flutter_mindful_minutes (0.0.1):
    - Flutter
    - HealthKitReporter (~> 3.1.0)
  - HealthKitReporter (3.1.0)
  - integration_test (0.0.1):
    - Flutter

DEPENDENCIES:
  - Flutter (from `Flutter`)
  - flutter_mindful_minutes (from `.symlinks/plugins/flutter_mindful_minutes/ios`)
  - integration_test (from `.symlinks/plugins/integration_test/ios`)

SPEC REPOS:
  trunk:
    - HealthKitReporter

EXTERNAL SOURCES:
  Flutter:
    :path: Flutter
  flutter_mindful_minutes:
    :path: ".symlinks/plugins/flutter_mindful_minutes/ios"
  integration_test:
    :path: ".symlinks/plugins/integration_test/ios"

SPEC CHECKSUMS:
  Flutter: cabc95a1d2626b1b06e7179b784ebcf0c0cde467
  flutter_mindful_minutes: 2a9605e7191d9b2632ebe388a95d7968caceaa1d
  HealthKitReporter: 4fae728be1afa52c4833d4cfb9835b368bfc89e6
  integration_test: 252f60fa39af5e17c3aa9899d35d908a0721b573

PODFILE CHECKSUM: 3c63482e143d1b91d2d2560aee9fb04ecc74ac7e

COCOAPODS: 1.16.2
